
Microsoft Visual Studio Solution File, Format Version 10.00
# Visual C# Express 2008
Project("{FAE04EC0-301F-11D3-BF4B-00C04F79EFBC}") = "Proj0905", "Proj0905\Proj0905.csproj", "{6BBC2CF3-1152-4234-A28A-9AE0D02BCEAF}"
EndProject
Global
	GlobalSection(SolutionConfigurationPlatforms) = preSolution
		Debug|Any CPU = Debug|Any CPU
		Release|Any CPU = Release|Any CPU
	EndGlobalSection
	GlobalSection(ProjectConfigurationPlatforms) = postSolution
		{6BBC2CF3-1152-4234-A28A-9AE0D02BCEAF}.Debug|Any CPU.ActiveCfg = Debug|Any CPU
		{6BBC2CF3-1152-4234-A28A-9AE0D02BCEAF}.Debug|Any CPU.Build.0 = Debug|Any CPU
		{6BBC2CF3-1152-4234-A28A-9AE0D02BCEAF}.Release|Any CPU.ActiveCfg = Release|Any CPU
		{6BBC2CF3-1152-4234-A28A-9AE0D02BCEAF}.Release|Any CPU.Build.0 = Release|Any CPU
	EndGlobalSection
	GlobalSection(SolutionProperties) = preSolution
		HideSolutionNode = FALSE
	EndGlobalSection
EndGlobal
