
Microsoft Visual Studio Solution File, Format Version 10.00
# Visual C# Express 2008
Project("{FAE04EC0-301F-11D3-BF4B-00C04F79EFBC}") = "Proj2103", "Proj2103\Proj2103.csproj", "{388A1E9C-B295-4924-9EB4-1CE7AC501E75}"
EndProject
Global
	GlobalSection(SolutionConfigurationPlatforms) = preSolution
		Debug|Any CPU = Debug|Any CPU
		Release|Any CPU = Release|Any CPU
	EndGlobalSection
	GlobalSection(ProjectConfigurationPlatforms) = postSolution
		{388A1E9C-B295-4924-9EB4-1CE7AC501E75}.Debug|Any CPU.ActiveCfg = Debug|Any CPU
		{388A1E9C-B295-4924-9EB4-1CE7AC501E75}.Debug|Any CPU.Build.0 = Debug|Any CPU
		{388A1E9C-B295-4924-9EB4-1CE7AC501E75}.Release|Any CPU.ActiveCfg = Release|Any CPU
		{388A1E9C-B295-4924-9EB4-1CE7AC501E75}.Release|Any CPU.Build.0 = Release|Any CPU
	EndGlobalSection
	GlobalSection(SolutionProperties) = preSolution
		HideSolutionNode = FALSE
	EndGlobalSection
EndGlobal
