
Microsoft Visual Studio Solution File, Format Version 10.00
# Visual C# Express 2008
Project("{FAE04EC0-301F-11D3-BF4B-00C04F79EFBC}") = "Proj02", "Proj02\Proj02.csproj", "{C368A559-C51F-4A43-AB5A-0C84738FED32}"
EndProject
Global
	GlobalSection(SolutionConfigurationPlatforms) = preSolution
		Debug|Any CPU = Debug|Any CPU
		Release|Any CPU = Release|Any CPU
	EndGlobalSection
	GlobalSection(ProjectConfigurationPlatforms) = postSolution
		{C368A559-C51F-4A43-AB5A-0C84738FED32}.Debug|Any CPU.ActiveCfg = Debug|Any CPU
		{C368A559-C51F-4A43-AB5A-0C84738FED32}.Debug|Any CPU.Build.0 = Debug|Any CPU
		{C368A559-C51F-4A43-AB5A-0C84738FED32}.Release|Any CPU.ActiveCfg = Release|Any CPU
		{C368A559-C51F-4A43-AB5A-0C84738FED32}.Release|Any CPU.Build.0 = Release|Any CPU
	EndGlobalSection
	GlobalSection(SolutionProperties) = preSolution
		HideSolutionNode = FALSE
	EndGlobalSection
EndGlobal
