
Microsoft Visual Studio Solution File, Format Version 10.00
# Visual C# Express 2008
Project("{FAE04EC0-301F-11D3-BF4B-00C04F79EFBC}") = "Proj2709", "Proj2709\Proj2709.csproj", "{8AC89830-D42E-4887-BF8F-81E381A11E3C}"
EndProject
Global
	GlobalSection(SolutionConfigurationPlatforms) = preSolution
		Debug|Any CPU = Debug|Any CPU
		Release|Any CPU = Release|Any CPU
	EndGlobalSection
	GlobalSection(ProjectConfigurationPlatforms) = postSolution
		{8AC89830-D42E-4887-BF8F-81E381A11E3C}.Debug|Any CPU.ActiveCfg = Debug|Any CPU
		{8AC89830-D42E-4887-BF8F-81E381A11E3C}.Debug|Any CPU.Build.0 = Debug|Any CPU
		{8AC89830-D42E-4887-BF8F-81E381A11E3C}.Release|Any CPU.ActiveCfg = Release|Any CPU
		{8AC89830-D42E-4887-BF8F-81E381A11E3C}.Release|Any CPU.Build.0 = Release|Any CPU
	EndGlobalSection
	GlobalSection(SolutionProperties) = preSolution
		HideSolutionNode = FALSE
	EndGlobalSection
EndGlobal
